
Microsoft Visual Studio Solution File, Format Version 12.00
Project("{FAE04EC0-301F-11D3-BF4B-00C04F79EFBC}") = "DotnetScriptRunner", "DotnetScriptRunner\DotnetScriptRunner.csproj", "{24764124-5FE4-4D02-8338-CD3B76F72720}"
EndProject
Global
	GlobalSection(SolutionConfigurationPlatforms) = preSolution
		Debug|Any CPU = Debug|Any CPU
		Release|Any CPU = Release|Any CPU
	EndGlobalSection
	GlobalSection(ProjectConfigurationPlatforms) = postSolution
		{24764124-5FE4-4D02-8338-CD3B76F72720}.Debug|Any CPU.ActiveCfg = Debug|Any CPU
		{24764124-5FE4-4D02-8338-CD3B76F72720}.Debug|Any CPU.Build.0 = Debug|Any CPU
		{24764124-5FE4-4D02-8338-CD3B76F72720}.Release|Any CPU.ActiveCfg = Release|Any CPU
		{24764124-5FE4-4D02-8338-CD3B76F72720}.Release|Any CPU.Build.0 = Release|Any CPU
	EndGlobalSection
EndGlobal
